<?xml version="1.0" encoding="utf-8"?>
<Project ToolsVersion="4.0" xmlns="http://schemas.microsoft.com/developer/msbuild/2003">
  <ItemGroup>
    <Filter Include="Source Files">
      <UniqueIdentifier>{4FC737F1-C7A5-4376-A066-2A32D752A2FF}</UniqueIdentifier>
      <Extensions>cpp;c;cc;cxx;c++;cppm;ixx;def;odl;idl;hpj;bat;asm;asmx</Extensions>
    </Filter>
    <Filter Include="Header Files">
      <UniqueIdentifier>{93995380-89BD-4b04-88EB-625FBE52EBFB}</UniqueIdentifier>
      <Extensions>h;hh;hpp;hxx;h++;hm;inl;inc;ipp;xsd</Extensions>
    </Filter>
    <Filter Include="Resource Files">
      <UniqueIdentifier>{67DA6AB6-F800-4c08-8B7A-83BB121AAD01}</UniqueIdentifier>
      <Extensions>rc;ico;cur;bmp;dlg;rc2;rct;bin;rgs;gif;jpg;jpeg;jpe;resx;tiff;tif;png;wav;mfcribbon-ms</Extensions>
    </Filter>
    <Filter Include="Configs">
      <UniqueIdentifier>{6041cff8-4ad8-4cb9-9ab0-d54752c64907}</UniqueIdentifier>
    </Filter>
    <Filter Include="Header Files\Public">
      <UniqueIdentifier>{6701e5ef-7ad8-4faf-8b67-27b4cb4b54f2}</UniqueIdentifier>
    </Filter>
    <Filter Include="Header Files\Public\Database">
      <UniqueIdentifier>{9893004b-393d-4e25-b442-71c3aa17c3ff}</UniqueIdentifier>
    </Filter>
    <Filter Include="Source Files\Database">
      <UniqueIdentifier>{8157e5bd-645f-4571-a0da-3018cc8e4e76}</UniqueIdentifier>
    </Filter>
  </ItemGroup>
  <ItemGroup>
    <None Include="Configs\config.json">
      <Filter>Configs</Filter>
    </None>
    <None Include="Configs\config-commented.json">
      <Filter>Configs</Filter>
    </None>
    <None Include="Configs\config-dev.json">
      <Filter>Configs</Filter>
    </None>
    <None Include="Configs\PluginInfo.json">
      <Filter>Configs</Filter>
    </None>
    <None Include="vcpkg.json" />
  </ItemGroup>
  <ItemGroup>
    <ClInclude Include="Source\Public\PluginTemplate.h">
      <Filter>Header Files\Public</Filter>
    </ClInclude>
    <ClInclude Include="Source\Commands.h">
      <Filter>Header Files</Filter>
    </ClInclude>
    <ClInclude Include="Source\Hooks.h">
      <Filter>Header Files</Filter>
    </ClInclude>
    <ClInclude Include="Source\Reload.h">
      <Filter>Header Files</Filter>
    </ClInclude>
    <ClInclude Include="Source\RepairItems.h">
      <Filter>Header Files</Filter>
    </ClInclude>
    <ClInclude Include="Source\Timers.h">
      <Filter>Header Files</Filter>
    </ClInclude>
    <ClInclude Include="Source\Utils.h">
      <Filter>Header Files</Filter>
    </ClInclude>
    <ClInclude Include="Source\Public\Database\sqlite3\sqlite3.h">
      <Filter>Header Files\Public\Database</Filter>
    </ClInclude>
  </ItemGroup>
  <ItemGroup>
    <ClCompile Include="Source\PluginTemplate.cpp">
      <Filter>Source Files</Filter>
    </ClCompile>
    <ClCompile Include="Source\Database\MySQLConnector.cpp">
      <Filter>Source Files\Database</Filter>
    </ClCompile>
    <ClCompile Include="Source\Database\SQLiteConnector.cpp">
      <Filter>Source Files\Database</Filter>
    </ClCompile>
    <ClCompile Include="Source\Public\Database\sqlite3\sqlite3.c">
      <Filter>Header Files\Public\Database</Filter>
    </ClCompile>
  </ItemGroup>
</Project>